
Microsoft Visual Studio Solution File, Format Version 12.00
# Visual Studio Version 16
VisualStudioVersion = 16.0.29326.143
MinimumVisualStudioVersion = 10.0.40219.1
Project("{9A19103F-16F7-4668-BE54-9A1E7A4F7556}") = "EntityConnect", "EntityConnect.csproj", "{D6D2D130-38D7-4086-947A-185F441956CB}"
EndProject
Global
	GlobalSection(SolutionConfigurationPlatforms) = preSolution
		Debug|Any CPU = Debug|Any CPU
		Release|Any CPU = Release|Any CPU
	EndGlobalSection
	GlobalSection(ProjectConfigurationPlatforms) = postSolution
		{D6D2D130-38D7-4086-947A-185F441956CB}.Debug|Any CPU.ActiveCfg = Debug|Any CPU
		{D6D2D130-38D7-4086-947A-185F441956CB}.Debug|Any CPU.Build.0 = Debug|Any CPU
		{D6D2D130-38D7-4086-947A-185F441956CB}.Release|Any CPU.ActiveCfg = Release|Any CPU
		{D6D2D130-38D7-4086-947A-185F441956CB}.Release|Any CPU.Build.0 = Release|Any CPU
	EndGlobalSection
	GlobalSection(SolutionProperties) = preSolution
		HideSolutionNode = FALSE
	EndGlobalSection
	GlobalSection(ExtensibilityGlobals) = postSolution
		SolutionGuid = {EA34FCA3-EDE3-4770-AEE6-0C0155C12225}
	EndGlobalSection
EndGlobal
